// !$*UTF8*$!
{
	archiveVersion = 1;
	classes = {
	};
	objectVersion = 50;
	objects = {

/* Begin PBXBuildFile section */
		2659D19426D49E57000B1117 /* maxFreq.swift in Sources */ = {isa = PBXBuildFile; fileRef = 2659D19326D49E57000B1117 /* maxFreq.swift */; };
		2659D19726D49E5F000B1117 /* maxFreq_wrong.swift in Sources */ = {isa = PBXBuildFile; fileRef = 2659D19626D49E5F000B1117 /* maxFreq_wrong.swift */; };
		2659D19A26D4A278000B1117 /* findTarget_false.swift in Sources */ = {isa = PBXBuildFile; fileRef = 2659D19926D4A278000B1117 /* findTarget_false.swift */; };
		2659D19C26D4A5C5000B1117 /* findTarget.swift in Sources */ = {isa = PBXBuildFile; fileRef = 2659D19B26D4A5C5000B1117 /* findTarget.swift */; };
		2659D19F26D4D150000B1117 /* simplifyPathX.swift in Sources */ = {isa = PBXBuildFile; fileRef = 2659D19E26D4D150000B1117 /* simplifyPathX.swift */; };
		2659D1A126D4D213000B1117 /* simplifyPath.swift in Sources */ = {isa = PBXBuildFile; fileRef = 2659D1A026D4D213000B1117 /* simplifyPath.swift */; };
		268ABE6B26C52F3300E25548 /* main.swift in Sources */ = {isa = PBXBuildFile; fileRef = 268ABE6A26C52F3300E25548 /* main.swift */; };
		2694464026D5D40600A23D5D /* complexNumberMultiply.swift in Sources */ = {isa = PBXBuildFile; fileRef = 2694463F26D5D40600A23D5D /* complexNumberMultiply.swift */; };
		269C4F6626CB9D470069205E /* generateTrees.swift in Sources */ = {isa = PBXBuildFile; fileRef = 269C4F6526CB9D470069205E /* generateTrees.swift */; };
		269C4F6926CBA90C0069205E /* util.swift in Sources */ = {isa = PBXBuildFile; fileRef = 269C4F6826CBA90C0069205E /* util.swift */; };
		269C4F6B26CBABCE0069205E /* struct.swift in Sources */ = {isa = PBXBuildFile; fileRef = 269C4F6A26CBABCE0069205E /* struct.swift */; };
		269C4F6D26CBAC390069205E /* goodNodes.swift in Sources */ = {isa = PBXBuildFile; fileRef = 269C4F6C26CBAC390069205E /* goodNodes.swift */; };
		269C4F7026CBAEFE0069205E /* url.swift in Sources */ = {isa = PBXBuildFile; fileRef = 269C4F6F26CBAEFE0069205E /* url.swift */; };
		269ECA6E26CA4A41001EF912 /* islandPerimeter.swift in Sources */ = {isa = PBXBuildFile; fileRef = 269ECA6D26CA4A41001EF912 /* islandPerimeter.swift */; };
		269ECA7126CA50CB001EF912 /* NumArray.swift in Sources */ = {isa = PBXBuildFile; fileRef = 269ECA7026CA50CB001EF912 /* NumArray.swift */; };
		26AE907726CF8A5F00ED05F0 /* maxProduct_sample.swift in Sources */ = {isa = PBXBuildFile; fileRef = 26AE907626CF8A5F00ED05F0 /* maxProduct_sample.swift */; };
		26AE907926CF8B2400ED05F0 /* maxProduct.swift in Sources */ = {isa = PBXBuildFile; fileRef = 26AE907826CF8B2400ED05F0 /* maxProduct.swift */; };
		26AE907B26CF966200ED05F0 /* removeNthFromEnd.swift in Sources */ = {isa = PBXBuildFile; fileRef = 26AE907A26CF966200ED05F0 /* removeNthFromEnd.swift */; };
		26E0AE3426C946C000E697E5 /* MinStack.swift in Sources */ = {isa = PBXBuildFile; fileRef = 26E0AE2A26C946C000E697E5 /* MinStack.swift */; };
		26E0AE3526C946C000E697E5 /* isPrefixString.swift in Sources */ = {isa = PBXBuildFile; fileRef = 26E0AE2C26C946C000E697E5 /* isPrefixString.swift */; };
		26E0AE3626C946C000E697E5 /* sortedArrayToBST.swift in Sources */ = {isa = PBXBuildFile; fileRef = 26E0AE2F26C946C000E697E5 /* sortedArrayToBST.swift */; };
		26E0AE3726C946C000E697E5 /* searchInsert.swift in Sources */ = {isa = PBXBuildFile; fileRef = 26E0AE3026C946C000E697E5 /* searchInsert.swift */; };
		26E0AE3826C946C000E697E5 /* mergeTwoLists.swift in Sources */ = {isa = PBXBuildFile; fileRef = 26E0AE3226C946C000E697E5 /* mergeTwoLists.swift */; };
		26E0AE3926C946C000E697E5 /* deleteDuplicates.swift in Sources */ = {isa = PBXBuildFile; fileRef = 26E0AE3326C946C000E697E5 /* deleteDuplicates.swift */; };
		26E0AE3E26C9477F00E697E5 /* invertTree_.swift in Sources */ = {isa = PBXBuildFile; fileRef = 26E0AE3D26C9477F00E697E5 /* invertTree_.swift */; };
		26E0AE4026C94B1C00E697E5 /* maxProfit.swift in Sources */ = {isa = PBXBuildFile; fileRef = 26E0AE3F26C94B1C00E697E5 /* maxProfit.swift */; };
/* End PBXBuildFile section */

/* Begin PBXCopyFilesBuildPhase section */
		268ABE6526C52F3300E25548 /* CopyFiles */ = {
			isa = PBXCopyFilesBuildPhase;
			buildActionMask = 2147483647;
			dstPath = /usr/share/man/man1/;
			dstSubfolderSpec = 0;
			files = (
			);
			runOnlyForDeploymentPostprocessing = 1;
		};
/* End PBXCopyFilesBuildPhase section */

/* Begin PBXFileReference section */
		2659D19326D49E57000B1117 /* maxFreq.swift */ = {isa = PBXFileReference; lastKnownFileType = sourcecode.swift; path = maxFreq.swift; sourceTree = "<group>"; };
		2659D19626D49E5F000B1117 /* maxFreq_wrong.swift */ = {isa = PBXFileReference; fileEncoding = 4; lastKnownFileType = sourcecode.swift; path = maxFreq_wrong.swift; sourceTree = "<group>"; };
		2659D19926D4A278000B1117 /* findTarget_false.swift */ = {isa = PBXFileReference; lastKnownFileType = sourcecode.swift; path = findTarget_false.swift; sourceTree = "<group>"; };
		2659D19B26D4A5C5000B1117 /* findTarget.swift */ = {isa = PBXFileReference; lastKnownFileType = sourcecode.swift; path = findTarget.swift; sourceTree = "<group>"; };
		2659D19E26D4D150000B1117 /* simplifyPathX.swift */ = {isa = PBXFileReference; lastKnownFileType = sourcecode.swift; path = simplifyPathX.swift; sourceTree = "<group>"; };
		2659D1A026D4D213000B1117 /* simplifyPath.swift */ = {isa = PBXFileReference; lastKnownFileType = sourcecode.swift; path = simplifyPath.swift; sourceTree = "<group>"; };
		268ABE6726C52F3300E25548 /* leetcode */ = {isa = PBXFileReference; explicitFileType = "compiled.mach-o.executable"; includeInIndex = 0; path = leetcode; sourceTree = BUILT_PRODUCTS_DIR; };
		268ABE6A26C52F3300E25548 /* main.swift */ = {isa = PBXFileReference; lastKnownFileType = sourcecode.swift; path = main.swift; sourceTree = "<group>"; };
		2694463F26D5D40600A23D5D /* complexNumberMultiply.swift */ = {isa = PBXFileReference; lastKnownFileType = sourcecode.swift; path = complexNumberMultiply.swift; sourceTree = "<group>"; };
		269C4F6526CB9D470069205E /* generateTrees.swift */ = {isa = PBXFileReference; lastKnownFileType = sourcecode.swift; path = generateTrees.swift; sourceTree = "<group>"; };
		269C4F6826CBA90C0069205E /* util.swift */ = {isa = PBXFileReference; lastKnownFileType = sourcecode.swift; path = util.swift; sourceTree = "<group>"; };
		269C4F6A26CBABCE0069205E /* struct.swift */ = {isa = PBXFileReference; lastKnownFileType = sourcecode.swift; path = struct.swift; sourceTree = "<group>"; };
		269C4F6C26CBAC390069205E /* goodNodes.swift */ = {isa = PBXFileReference; lastKnownFileType = sourcecode.swift; path = goodNodes.swift; sourceTree = "<group>"; };
		269C4F6F26CBAEFE0069205E /* url.swift */ = {isa = PBXFileReference; lastKnownFileType = sourcecode.swift; path = url.swift; sourceTree = "<group>"; };
		269ECA6D26CA4A41001EF912 /* islandPerimeter.swift */ = {isa = PBXFileReference; lastKnownFileType = sourcecode.swift; path = islandPerimeter.swift; sourceTree = "<group>"; };
		269ECA7026CA50CB001EF912 /* NumArray.swift */ = {isa = PBXFileReference; lastKnownFileType = sourcecode.swift; path = NumArray.swift; sourceTree = "<group>"; };
		26AE907626CF8A5F00ED05F0 /* maxProduct_sample.swift */ = {isa = PBXFileReference; lastKnownFileType = sourcecode.swift; path = maxProduct_sample.swift; sourceTree = "<group>"; };
		26AE907826CF8B2400ED05F0 /* maxProduct.swift */ = {isa = PBXFileReference; lastKnownFileType = sourcecode.swift; path = maxProduct.swift; sourceTree = "<group>"; };
		26AE907A26CF966200ED05F0 /* removeNthFromEnd.swift */ = {isa = PBXFileReference; lastKnownFileType = sourcecode.swift; path = removeNthFromEnd.swift; sourceTree = "<group>"; };
		26E0AE2A26C946C000E697E5 /* MinStack.swift */ = {isa = PBXFileReference; fileEncoding = 4; lastKnownFileType = sourcecode.swift; path = MinStack.swift; sourceTree = "<group>"; };
		26E0AE2C26C946C000E697E5 /* isPrefixString.swift */ = {isa = PBXFileReference; fileEncoding = 4; lastKnownFileType = sourcecode.swift; path = isPrefixString.swift; sourceTree = "<group>"; };
		26E0AE2F26C946C000E697E5 /* sortedArrayToBST.swift */ = {isa = PBXFileReference; fileEncoding = 4; lastKnownFileType = sourcecode.swift; path = sortedArrayToBST.swift; sourceTree = "<group>"; };
		26E0AE3026C946C000E697E5 /* searchInsert.swift */ = {isa = PBXFileReference; fileEncoding = 4; lastKnownFileType = sourcecode.swift; path = searchInsert.swift; sourceTree = "<group>"; };
		26E0AE3226C946C000E697E5 /* mergeTwoLists.swift */ = {isa = PBXFileReference; fileEncoding = 4; lastKnownFileType = sourcecode.swift; path = mergeTwoLists.swift; sourceTree = "<group>"; };
		26E0AE3326C946C000E697E5 /* deleteDuplicates.swift */ = {isa = PBXFileReference; fileEncoding = 4; lastKnownFileType = sourcecode.swift; path = deleteDuplicates.swift; sourceTree = "<group>"; };
		26E0AE3D26C9477F00E697E5 /* invertTree_.swift */ = {isa = PBXFileReference; fileEncoding = 4; lastKnownFileType = sourcecode.swift; path = invertTree_.swift; sourceTree = "<group>"; };
		26E0AE3F26C94B1C00E697E5 /* maxProfit.swift */ = {isa = PBXFileReference; lastKnownFileType = sourcecode.swift; path = maxProfit.swift; sourceTree = "<group>"; };
/* End PBXFileReference section */

/* Begin PBXFrameworksBuildPhase section */
		268ABE6426C52F3300E25548 /* Frameworks */ = {
			isa = PBXFrameworksBuildPhase;
			buildActionMask = 2147483647;
			files = (
			);
			runOnlyForDeploymentPostprocessing = 0;
		};
/* End PBXFrameworksBuildPhase section */

/* Begin PBXGroup section */
		2659D19526D49E5F000B1117 /* false */ = {
			isa = PBXGroup;
			children = (
				2659D19626D49E5F000B1117 /* maxFreq_wrong.swift */,
			);
			path = false;
			sourceTree = "<group>";
		};
		2659D19826D4A26F000B1117 /* false */ = {
			isa = PBXGroup;
			children = (
				2659D19926D4A278000B1117 /* findTarget_false.swift */,
			);
			path = false;
			sourceTree = "<group>";
		};
		2659D19D26D4D148000B1117 /* false */ = {
			isa = PBXGroup;
			children = (
				2659D19E26D4D150000B1117 /* simplifyPathX.swift */,
			);
			path = false;
			sourceTree = "<group>";
		};
		268ABE5E26C52F3300E25548 = {
			isa = PBXGroup;
			children = (
				268ABE6926C52F3300E25548 /* leetcode */,
				268ABE6826C52F3300E25548 /* Products */,
			);
			sourceTree = "<group>";
		};
		268ABE6826C52F3300E25548 /* Products */ = {
			isa = PBXGroup;
			children = (
				268ABE6726C52F3300E25548 /* leetcode */,
			);
			name = Products;
			sourceTree = "<group>";
		};
		268ABE6926C52F3300E25548 /* leetcode */ = {
			isa = PBXGroup;
			children = (
				269ECA6F26CA50C2001EF912 /* Array */,
				26E0AE2E26C946C000E697E5 /* BinarySearchTree */,
				26E0AE3A26C946DB00E697E5 /* BinaryTree */,
				26E0AE2D26C946C000E697E5 /* Greedy */,
				269C4F6E26CBAEF10069205E /* helper */,
				26E0AE3126C946C000E697E5 /* ListNode */,
				268ABE6A26C52F3300E25548 /* main.swift */,
				2694463E26D5D3EC00A23D5D /* math */,
				269C4F6726CBA8F10069205E /* meta */,
				26AE907526CF8A4900ED05F0 /* Sample */,
				26E0AE2926C946C000E697E5 /* Stack */,
				26E0AE2B26C946C000E697E5 /* String */,
				269ECA7226CA7215001EF912 /* Tree */,
				269ECA6C26CA4A35001EF912 /* TreeToMap */,
			);
			path = leetcode;
			sourceTree = "<group>";
		};
		2694463E26D5D3EC00A23D5D /* math */ = {
			isa = PBXGroup;
			children = (
				2694463F26D5D40600A23D5D /* complexNumberMultiply.swift */,
			);
			path = math;
			sourceTree = "<group>";
		};
		269C4F6726CBA8F10069205E /* meta */ = {
			isa = PBXGroup;
			children = (
				269C4F6826CBA90C0069205E /* util.swift */,
				269C4F6A26CBABCE0069205E /* struct.swift */,
			);
			path = meta;
			sourceTree = "<group>";
		};
		269C4F6E26CBAEF10069205E /* helper */ = {
			isa = PBXGroup;
			children = (
				269C4F6F26CBAEFE0069205E /* url.swift */,
			);
			path = helper;
			sourceTree = "<group>";
		};
		269ECA6C26CA4A35001EF912 /* TreeToMap */ = {
			isa = PBXGroup;
			children = (
				269ECA6D26CA4A41001EF912 /* islandPerimeter.swift */,
			);
			path = TreeToMap;
			sourceTree = "<group>";
		};
		269ECA6F26CA50C2001EF912 /* Array */ = {
			isa = PBXGroup;
			children = (
				269ECA7026CA50CB001EF912 /* NumArray.swift */,
			);
			path = Array;
			sourceTree = "<group>";
		};
		269ECA7226CA7215001EF912 /* Tree */ = {
			isa = PBXGroup;
			children = (
			);
			path = Tree;
			sourceTree = "<group>";
		};
		26AE907526CF8A4900ED05F0 /* Sample */ = {
			isa = PBXGroup;
			children = (
				26AE907626CF8A5F00ED05F0 /* maxProduct_sample.swift */,
			);
			path = Sample;
			sourceTree = "<group>";
		};
		26E0AE2926C946C000E697E5 /* Stack */ = {
			isa = PBXGroup;
			children = (
				2659D19D26D4D148000B1117 /* false */,
				26E0AE2A26C946C000E697E5 /* MinStack.swift */,
				2659D1A026D4D213000B1117 /* simplifyPath.swift */,
			);
			path = Stack;
			sourceTree = "<group>";
		};
		26E0AE2B26C946C000E697E5 /* String */ = {
			isa = PBXGroup;
			children = (
				2659D19526D49E5F000B1117 /* false */,
				26E0AE2C26C946C000E697E5 /* isPrefixString.swift */,
				2659D19326D49E57000B1117 /* maxFreq.swift */,
			);
			path = String;
			sourceTree = "<group>";
		};
		26E0AE2D26C946C000E697E5 /* Greedy */ = {
			isa = PBXGroup;
			children = (
				26E0AE3F26C94B1C00E697E5 /* maxProfit.swift */,
			);
			path = Greedy;
			sourceTree = "<group>";
		};
		26E0AE2E26C946C000E697E5 /* BinarySearchTree */ = {
			isa = PBXGroup;
			children = (
				2659D19826D4A26F000B1117 /* false */,
				26E0AE2F26C946C000E697E5 /* sortedArrayToBST.swift */,
				26E0AE3026C946C000E697E5 /* searchInsert.swift */,
				269C4F6526CB9D470069205E /* generateTrees.swift */,
				2659D19B26D4A5C5000B1117 /* findTarget.swift */,
			);
			path = BinarySearchTree;
			sourceTree = "<group>";
		};
		26E0AE3126C946C000E697E5 /* ListNode */ = {
			isa = PBXGroup;
			children = (
				26E0AE3226C946C000E697E5 /* mergeTwoLists.swift */,
				26E0AE3326C946C000E697E5 /* deleteDuplicates.swift */,
				26AE907A26CF966200ED05F0 /* removeNthFromEnd.swift */,
			);
			path = ListNode;
			sourceTree = "<group>";
		};
		26E0AE3A26C946DB00E697E5 /* BinaryTree */ = {
			isa = PBXGroup;
			children = (
				26E0AE3D26C9477F00E697E5 /* invertTree_.swift */,
				269C4F6C26CBAC390069205E /* goodNodes.swift */,
				26AE907826CF8B2400ED05F0 /* maxProduct.swift */,
			);
			path = BinaryTree;
			sourceTree = "<group>";
		};
/* End PBXGroup section */

/* Begin PBXNativeTarget section */
		268ABE6626C52F3300E25548 /* leetcode */ = {
			isa = PBXNativeTarget;
			buildConfigurationList = 268ABE6E26C52F3300E25548 /* Build configuration list for PBXNativeTarget "leetcode" */;
			buildPhases = (
				268ABE6326C52F3300E25548 /* Sources */,
				268ABE6426C52F3300E25548 /* Frameworks */,
				268ABE6526C52F3300E25548 /* CopyFiles */,
			);
			buildRules = (
			);
			dependencies = (
			);
			name = leetcode;
			productName = leetcode;
			productReference = 268ABE6726C52F3300E25548 /* leetcode */;
			productType = "com.apple.product-type.tool";
		};
/* End PBXNativeTarget section */

/* Begin PBXProject section */
		268ABE5F26C52F3300E25548 /* Project object */ = {
			isa = PBXProject;
			attributes = {
				LastSwiftUpdateCheck = 1250;
				LastUpgradeCheck = 1250;
				TargetAttributes = {
					268ABE6626C52F3300E25548 = {
						CreatedOnToolsVersion = 12.5.1;
					};
				};
			};
			buildConfigurationList = 268ABE6226C52F3300E25548 /* Build configuration list for PBXProject "leetcode" */;
			compatibilityVersion = "Xcode 9.3";
			developmentRegion = en;
			hasScannedForEncodings = 0;
			knownRegions = (
				en,
				Base,
			);
			mainGroup = 268ABE5E26C52F3300E25548;
			productRefGroup = 268ABE6826C52F3300E25548 /* Products */;
			projectDirPath = "";
			projectRoot = "";
			targets = (
				268ABE6626C52F3300E25548 /* leetcode */,
			);
		};
/* End PBXProject section */

/* Begin PBXSourcesBuildPhase section */
		268ABE6326C52F3300E25548 /* Sources */ = {
			isa = PBXSourcesBuildPhase;
			buildActionMask = 2147483647;
			files = (
				26AE907B26CF966200ED05F0 /* removeNthFromEnd.swift in Sources */,
				268ABE6B26C52F3300E25548 /* main.swift in Sources */,
				26E0AE3626C946C000E697E5 /* sortedArrayToBST.swift in Sources */,
				26AE907726CF8A5F00ED05F0 /* maxProduct_sample.swift in Sources */,
				26E0AE3926C946C000E697E5 /* deleteDuplicates.swift in Sources */,
				26E0AE3E26C9477F00E697E5 /* invertTree_.swift in Sources */,
				269C4F6B26CBABCE0069205E /* struct.swift in Sources */,
				269C4F6926CBA90C0069205E /* util.swift in Sources */,
				26E0AE3526C946C000E697E5 /* isPrefixString.swift in Sources */,
				26AE907926CF8B2400ED05F0 /* maxProduct.swift in Sources */,
				269C4F7026CBAEFE0069205E /* url.swift in Sources */,
				269C4F6D26CBAC390069205E /* goodNodes.swift in Sources */,
				26E0AE3726C946C000E697E5 /* searchInsert.swift in Sources */,
				2659D1A126D4D213000B1117 /* simplifyPath.swift in Sources */,
				269ECA6E26CA4A41001EF912 /* islandPerimeter.swift in Sources */,
				26E0AE3426C946C000E697E5 /* MinStack.swift in Sources */,
				2659D19C26D4A5C5000B1117 /* findTarget.swift in Sources */,
				2659D19726D49E5F000B1117 /* maxFreq_wrong.swift in Sources */,
				26E0AE4026C94B1C00E697E5 /* maxProfit.swift in Sources */,
				2659D19426D49E57000B1117 /* maxFreq.swift in Sources */,
				26E0AE3826C946C000E697E5 /* mergeTwoLists.swift in Sources */,
				269ECA7126CA50CB001EF912 /* NumArray.swift in Sources */,
				269C4F6626CB9D470069205E /* generateTrees.swift in Sources */,
				2659D19A26D4A278000B1117 /* findTarget_false.swift in Sources */,
				2659D19F26D4D150000B1117 /* simplifyPathX.swift in Sources */,
				2694464026D5D40600A23D5D /* complexNumberMultiply.swift in Sources */,
			);
			runOnlyForDeploymentPostprocessing = 0;
		};
/* End PBXSourcesBuildPhase section */

/* Begin XCBuildConfiguration section */
		268ABE6C26C52F3300E25548 /* Debug */ = {
			isa = XCBuildConfiguration;
			buildSettings = {
				ALWAYS_SEARCH_USER_PATHS = NO;
				CLANG_ANALYZER_NONNULL = YES;
				CLANG_ANALYZER_NUMBER_OBJECT_CONVERSION = YES_AGGRESSIVE;
				CLANG_CXX_LANGUAGE_STANDARD = "gnu++14";
				CLANG_CXX_LIBRARY = "libc++";
				CLANG_ENABLE_MODULES = YES;
				CLANG_ENABLE_OBJC_ARC = YES;
				CLANG_ENABLE_OBJC_WEAK = YES;
				CLANG_WARN_BLOCK_CAPTURE_AUTORELEASING = YES;
				CLANG_WARN_BOOL_CONVERSION = YES;
				CLANG_WARN_COMMA = YES;
				CLANG_WARN_CONSTANT_CONVERSION = YES;
				CLANG_WARN_DEPRECATED_OBJC_IMPLEMENTATIONS = YES;
				CLANG_WARN_DIRECT_OBJC_ISA_USAGE = YES_ERROR;
				CLANG_WARN_DOCUMENTATION_COMMENTS = YES;
				CLANG_WARN_EMPTY_BODY = YES;
				CLANG_WARN_ENUM_CONVERSION = YES;
				CLANG_WARN_INFINITE_RECURSION = YES;
				CLANG_WARN_INT_CONVERSION = YES;
				CLANG_WARN_NON_LITERAL_NULL_CONVERSION = YES;
				CLANG_WARN_OBJC_IMPLICIT_RETAIN_SELF = YES;
				CLANG_WARN_OBJC_LITERAL_CONVERSION = YES;
				CLANG_WARN_OBJC_ROOT_CLASS = YES_ERROR;
				CLANG_WARN_QUOTED_INCLUDE_IN_FRAMEWORK_HEADER = YES;
				CLANG_WARN_RANGE_LOOP_ANALYSIS = YES;
				CLANG_WARN_STRICT_PROTOTYPES = YES;
				CLANG_WARN_SUSPICIOUS_MOVE = YES;
				CLANG_WARN_UNGUARDED_AVAILABILITY = YES_AGGRESSIVE;
				CLANG_WARN_UNREACHABLE_CODE = YES;
				CLANG_WARN__DUPLICATE_METHOD_MATCH = YES;
				COPY_PHASE_STRIP = NO;
				DEBUG_INFORMATION_FORMAT = dwarf;
				ENABLE_STRICT_OBJC_MSGSEND = YES;
				ENABLE_TESTABILITY = YES;
				GCC_C_LANGUAGE_STANDARD = gnu11;
				GCC_DYNAMIC_NO_PIC = NO;
				GCC_NO_COMMON_BLOCKS = YES;
				GCC_OPTIMIZATION_LEVEL = 0;
				GCC_PREPROCESSOR_DEFINITIONS = (
					"DEBUG=1",
					"$(inherited)",
				);
				GCC_WARN_64_TO_32_BIT_CONVERSION = YES;
				GCC_WARN_ABOUT_RETURN_TYPE = YES_ERROR;
				GCC_WARN_UNDECLARED_SELECTOR = YES;
				GCC_WARN_UNINITIALIZED_AUTOS = YES_AGGRESSIVE;
				GCC_WARN_UNUSED_FUNCTION = YES;
				GCC_WARN_UNUSED_VARIABLE = YES;
				MACOSX_DEPLOYMENT_TARGET = 11.3;
				MTL_ENABLE_DEBUG_INFO = INCLUDE_SOURCE;
				MTL_FAST_MATH = YES;
				ONLY_ACTIVE_ARCH = YES;
				SDKROOT = macosx;
				SWIFT_ACTIVE_COMPILATION_CONDITIONS = DEBUG;
				SWIFT_OPTIMIZATION_LEVEL = "-Onone";
			};
			name = Debug;
		};
		268ABE6D26C52F3300E25548 /* Release */ = {
			isa = XCBuildConfiguration;
			buildSettings = {
				ALWAYS_SEARCH_USER_PATHS = NO;
				CLANG_ANALYZER_NONNULL = YES;
				CLANG_ANALYZER_NUMBER_OBJECT_CONVERSION = YES_AGGRESSIVE;
				CLANG_CXX_LANGUAGE_STANDARD = "gnu++14";
				CLANG_CXX_LIBRARY = "libc++";
				CLANG_ENABLE_MODULES = YES;
				CLANG_ENABLE_OBJC_ARC = YES;
				CLANG_ENABLE_OBJC_WEAK = YES;
				CLANG_WARN_BLOCK_CAPTURE_AUTORELEASING = YES;
				CLANG_WARN_BOOL_CONVERSION = YES;
				CLANG_WARN_COMMA = YES;
				CLANG_WARN_CONSTANT_CONVERSION = YES;
				CLANG_WARN_DEPRECATED_OBJC_IMPLEMENTATIONS = YES;
				CLANG_WARN_DIRECT_OBJC_ISA_USAGE = YES_ERROR;
				CLANG_WARN_DOCUMENTATION_COMMENTS = YES;
				CLANG_WARN_EMPTY_BODY = YES;
				CLANG_WARN_ENUM_CONVERSION = YES;
				CLANG_WARN_INFINITE_RECURSION = YES;
				CLANG_WARN_INT_CONVERSION = YES;
				CLANG_WARN_NON_LITERAL_NULL_CONVERSION = YES;
				CLANG_WARN_OBJC_IMPLICIT_RETAIN_SELF = YES;
				CLANG_WARN_OBJC_LITERAL_CONVERSION = YES;
				CLANG_WARN_OBJC_ROOT_CLASS = YES_ERROR;
				CLANG_WARN_QUOTED_INCLUDE_IN_FRAMEWORK_HEADER = YES;
				CLANG_WARN_RANGE_LOOP_ANALYSIS = YES;
				CLANG_WARN_STRICT_PROTOTYPES = YES;
				CLANG_WARN_SUSPICIOUS_MOVE = YES;
				CLANG_WARN_UNGUARDED_AVAILABILITY = YES_AGGRESSIVE;
				CLANG_WARN_UNREACHABLE_CODE = YES;
				CLANG_WARN__DUPLICATE_METHOD_MATCH = YES;
				COPY_PHASE_STRIP = NO;
				DEBUG_INFORMATION_FORMAT = "dwarf-with-dsym";
				ENABLE_NS_ASSERTIONS = NO;
				ENABLE_STRICT_OBJC_MSGSEND = YES;
				GCC_C_LANGUAGE_STANDARD = gnu11;
				GCC_NO_COMMON_BLOCKS = YES;
				GCC_WARN_64_TO_32_BIT_CONVERSION = YES;
				GCC_WARN_ABOUT_RETURN_TYPE = YES_ERROR;
				GCC_WARN_UNDECLARED_SELECTOR = YES;
				GCC_WARN_UNINITIALIZED_AUTOS = YES_AGGRESSIVE;
				GCC_WARN_UNUSED_FUNCTION = YES;
				GCC_WARN_UNUSED_VARIABLE = YES;
				MACOSX_DEPLOYMENT_TARGET = 11.3;
				MTL_ENABLE_DEBUG_INFO = NO;
				MTL_FAST_MATH = YES;
				SDKROOT = macosx;
				SWIFT_COMPILATION_MODE = wholemodule;
				SWIFT_OPTIMIZATION_LEVEL = "-O";
			};
			name = Release;
		};
		268ABE6F26C52F3300E25548 /* Debug */ = {
			isa = XCBuildConfiguration;
			buildSettings = {
				CODE_SIGN_STYLE = Automatic;
				DEVELOPMENT_TEAM = D878P8TW6L;
				ENABLE_HARDENED_RUNTIME = YES;
				PRODUCT_NAME = "$(TARGET_NAME)";
				SWIFT_VERSION = 5.0;
			};
			name = Debug;
		};
		268ABE7026C52F3300E25548 /* Release */ = {
			isa = XCBuildConfiguration;
			buildSettings = {
				CODE_SIGN_STYLE = Automatic;
				DEVELOPMENT_TEAM = D878P8TW6L;
				ENABLE_HARDENED_RUNTIME = YES;
				PRODUCT_NAME = "$(TARGET_NAME)";
				SWIFT_VERSION = 5.0;
			};
			name = Release;
		};
/* End XCBuildConfiguration section */

/* Begin XCConfigurationList section */
		268ABE6226C52F3300E25548 /* Build configuration list for PBXProject "leetcode" */ = {
			isa = XCConfigurationList;
			buildConfigurations = (
				268ABE6C26C52F3300E25548 /* Debug */,
				268ABE6D26C52F3300E25548 /* Release */,
			);
			defaultConfigurationIsVisible = 0;
			defaultConfigurationName = Release;
		};
		268ABE6E26C52F3300E25548 /* Build configuration list for PBXNativeTarget "leetcode" */ = {
			isa = XCConfigurationList;
			buildConfigurations = (
				268ABE6F26C52F3300E25548 /* Debug */,
				268ABE7026C52F3300E25548 /* Release */,
			);
			defaultConfigurationIsVisible = 0;
			defaultConfigurationName = Release;
		};
/* End XCConfigurationList section */
	};
	rootObject = 268ABE5F26C52F3300E25548 /* Project object */;
}
