// !$*UTF8*$!
{
	archiveVersion = 1;
	classes = {
	};
	objectVersion = 55;
	objects = {

/* Begin PBXBuildFile section */
		26507E2C27264FC100CA569F /* maxArea.swift in Sources */ = {isa = PBXBuildFile; fileRef = 26507E2B27264FC100CA569F /* maxArea.swift */; };
		26507E2E2726540B00CA569F /* MinStack.swift in Sources */ = {isa = PBXBuildFile; fileRef = 26507E2D2726540B00CA569F /* MinStack.swift */; };
		26507E302726582800CA569F /* BSTIterator.swift in Sources */ = {isa = PBXBuildFile; fileRef = 26507E2F2726582800CA569F /* BSTIterator.swift */; };
		266EF47527278E86008B6DA9 /* invertTree.swift in Sources */ = {isa = PBXBuildFile; fileRef = 266EF47427278E86008B6DA9 /* invertTree.swift */; };
		26B3F94E2718357600113A58 /* reverseParentheses.swift in Sources */ = {isa = PBXBuildFile; fileRef = 26B3F94D2718357600113A58 /* reverseParentheses.swift */; };
		26DEC88C2713CA3C00F6F3C6 /* main.swift in Sources */ = {isa = PBXBuildFile; fileRef = 26DEC88B2713CA3C00F6F3C6 /* main.swift */; };
		26DEC8942713E55500F6F3C6 /* one.swift in Sources */ = {isa = PBXBuildFile; fileRef = 26DEC8932713E55500F6F3C6 /* one.swift */; };
		26DEC89727140AFE00F6F3C6 /* util.swift in Sources */ = {isa = PBXBuildFile; fileRef = 26DEC89627140AFE00F6F3C6 /* util.swift */; };
		26DEC89A27140E1600F6F3C6 /* diameterOfBinaryTree.swift in Sources */ = {isa = PBXBuildFile; fileRef = 26DEC89927140E1600F6F3C6 /* diameterOfBinaryTree.swift */; };
		26DEC89D27140E9A00F6F3C6 /* diameterOfBinaryTree_xxx.swift in Sources */ = {isa = PBXBuildFile; fileRef = 26DEC89C27140E9A00F6F3C6 /* diameterOfBinaryTree_xxx.swift */; };
		26DEC8A02714258D00F6F3C6 /* ZigZag.swift in Sources */ = {isa = PBXBuildFile; fileRef = 26DEC89F2714258D00F6F3C6 /* ZigZag.swift */; };
		26DEC8A2271433E700F6F3C6 /* string.swift in Sources */ = {isa = PBXBuildFile; fileRef = 26DEC8A1271433E700F6F3C6 /* string.swift */; };
/* End PBXBuildFile section */

/* Begin PBXCopyFilesBuildPhase section */
		26DEC8862713CA3C00F6F3C6 /* CopyFiles */ = {
			isa = PBXCopyFilesBuildPhase;
			buildActionMask = 2147483647;
			dstPath = /usr/share/man/man1/;
			dstSubfolderSpec = 0;
			files = (
			);
			runOnlyForDeploymentPostprocessing = 1;
		};
/* End PBXCopyFilesBuildPhase section */

/* Begin PBXFileReference section */
		26507E2B27264FC100CA569F /* maxArea.swift */ = {isa = PBXFileReference; lastKnownFileType = sourcecode.swift; path = maxArea.swift; sourceTree = "<group>"; };
		26507E2D2726540B00CA569F /* MinStack.swift */ = {isa = PBXFileReference; lastKnownFileType = sourcecode.swift; path = MinStack.swift; sourceTree = "<group>"; };
		26507E2F2726582800CA569F /* BSTIterator.swift */ = {isa = PBXFileReference; lastKnownFileType = sourcecode.swift; path = BSTIterator.swift; sourceTree = "<group>"; };
		266EF47427278E86008B6DA9 /* invertTree.swift */ = {isa = PBXFileReference; lastKnownFileType = sourcecode.swift; path = invertTree.swift; sourceTree = "<group>"; };
		26B3F94D2718357600113A58 /* reverseParentheses.swift */ = {isa = PBXFileReference; lastKnownFileType = sourcecode.swift; path = reverseParentheses.swift; sourceTree = "<group>"; };
		26DEC8882713CA3C00F6F3C6 /* interview */ = {isa = PBXFileReference; explicitFileType = "compiled.mach-o.executable"; includeInIndex = 0; path = interview; sourceTree = BUILT_PRODUCTS_DIR; };
		26DEC88B2713CA3C00F6F3C6 /* main.swift */ = {isa = PBXFileReference; lastKnownFileType = sourcecode.swift; path = main.swift; sourceTree = "<group>"; };
		26DEC8932713E55500F6F3C6 /* one.swift */ = {isa = PBXFileReference; lastKnownFileType = sourcecode.swift; path = one.swift; sourceTree = "<group>"; };
		26DEC89627140AFE00F6F3C6 /* util.swift */ = {isa = PBXFileReference; fileEncoding = 4; lastKnownFileType = sourcecode.swift; path = util.swift; sourceTree = "<group>"; };
		26DEC89927140E1600F6F3C6 /* diameterOfBinaryTree.swift */ = {isa = PBXFileReference; lastKnownFileType = sourcecode.swift; path = diameterOfBinaryTree.swift; sourceTree = "<group>"; };
		26DEC89C27140E9A00F6F3C6 /* diameterOfBinaryTree_xxx.swift */ = {isa = PBXFileReference; lastKnownFileType = sourcecode.swift; path = diameterOfBinaryTree_xxx.swift; sourceTree = "<group>"; };
		26DEC89F2714258D00F6F3C6 /* ZigZag.swift */ = {isa = PBXFileReference; lastKnownFileType = sourcecode.swift; path = ZigZag.swift; sourceTree = "<group>"; };
		26DEC8A1271433E700F6F3C6 /* string.swift */ = {isa = PBXFileReference; lastKnownFileType = sourcecode.swift; path = string.swift; sourceTree = "<group>"; };
/* End PBXFileReference section */

/* Begin PBXFrameworksBuildPhase section */
		26DEC8852713CA3C00F6F3C6 /* Frameworks */ = {
			isa = PBXFrameworksBuildPhase;
			buildActionMask = 2147483647;
			files = (
			);
			runOnlyForDeploymentPostprocessing = 0;
		};
/* End PBXFrameworksBuildPhase section */

/* Begin PBXGroup section */
		26507E2A27264FAB00CA569F /* stack */ = {
			isa = PBXGroup;
			children = (
				26507E2B27264FC100CA569F /* maxArea.swift */,
				26507E2D2726540B00CA569F /* MinStack.swift */,
			);
			path = stack;
			sourceTree = "<group>";
		};
		26B3F94C2718354A00113A58 /* greedy */ = {
			isa = PBXGroup;
			children = (
			);
			path = greedy;
			sourceTree = "<group>";
		};
		26DEC87F2713CA3C00F6F3C6 = {
			isa = PBXGroup;
			children = (
				26DEC88A2713CA3C00F6F3C6 /* interview */,
				26DEC8892713CA3C00F6F3C6 /* Products */,
			);
			sourceTree = "<group>";
		};
		26DEC8892713CA3C00F6F3C6 /* Products */ = {
			isa = PBXGroup;
			children = (
				26DEC8882713CA3C00F6F3C6 /* interview */,
			);
			name = Products;
			sourceTree = "<group>";
		};
		26DEC88A2713CA3C00F6F3C6 /* interview */ = {
			isa = PBXGroup;
			children = (
				26507E2A27264FAB00CA569F /* stack */,
				26DEC8922713E54700F6F3C6 /* ali */,
				26B3F94C2718354A00113A58 /* greedy */,
				26DEC88B2713CA3C00F6F3C6 /* main.swift */,
				26DEC89E2714257F00F6F3C6 /* string */,
				26DEC89827140E0A00F6F3C6 /* tree */,
				26DEC89527140AFE00F6F3C6 /* util */,
			);
			path = interview;
			sourceTree = "<group>";
		};
		26DEC8922713E54700F6F3C6 /* ali */ = {
			isa = PBXGroup;
			children = (
				26DEC8932713E55500F6F3C6 /* one.swift */,
			);
			path = ali;
			sourceTree = "<group>";
		};
		26DEC89527140AFE00F6F3C6 /* util */ = {
			isa = PBXGroup;
			children = (
				26DEC89627140AFE00F6F3C6 /* util.swift */,
				26DEC8A1271433E700F6F3C6 /* string.swift */,
			);
			path = util;
			sourceTree = "<group>";
		};
		26DEC89827140E0A00F6F3C6 /* tree */ = {
			isa = PBXGroup;
			children = (
				26DEC89B27140E6F00F6F3C6 /* gg */,
				26DEC89927140E1600F6F3C6 /* diameterOfBinaryTree.swift */,
				26507E2F2726582800CA569F /* BSTIterator.swift */,
				266EF47427278E86008B6DA9 /* invertTree.swift */,
			);
			path = tree;
			sourceTree = "<group>";
		};
		26DEC89B27140E6F00F6F3C6 /* gg */ = {
			isa = PBXGroup;
			children = (
				26DEC89C27140E9A00F6F3C6 /* diameterOfBinaryTree_xxx.swift */,
			);
			path = gg;
			sourceTree = "<group>";
		};
		26DEC89E2714257F00F6F3C6 /* string */ = {
			isa = PBXGroup;
			children = (
				26DEC89F2714258D00F6F3C6 /* ZigZag.swift */,
				26B3F94D2718357600113A58 /* reverseParentheses.swift */,
			);
			path = string;
			sourceTree = "<group>";
		};
/* End PBXGroup section */

/* Begin PBXNativeTarget section */
		26DEC8872713CA3C00F6F3C6 /* interview */ = {
			isa = PBXNativeTarget;
			buildConfigurationList = 26DEC88F2713CA3C00F6F3C6 /* Build configuration list for PBXNativeTarget "interview" */;
			buildPhases = (
				26DEC8842713CA3C00F6F3C6 /* Sources */,
				26DEC8852713CA3C00F6F3C6 /* Frameworks */,
				26DEC8862713CA3C00F6F3C6 /* CopyFiles */,
			);
			buildRules = (
			);
			dependencies = (
			);
			name = interview;
			productName = interview;
			productReference = 26DEC8882713CA3C00F6F3C6 /* interview */;
			productType = "com.apple.product-type.tool";
		};
/* End PBXNativeTarget section */

/* Begin PBXProject section */
		26DEC8802713CA3C00F6F3C6 /* Project object */ = {
			isa = PBXProject;
			attributes = {
				BuildIndependentTargetsInParallel = 1;
				LastSwiftUpdateCheck = 1300;
				LastUpgradeCheck = 1300;
				TargetAttributes = {
					26DEC8872713CA3C00F6F3C6 = {
						CreatedOnToolsVersion = 13.0;
					};
				};
			};
			buildConfigurationList = 26DEC8832713CA3C00F6F3C6 /* Build configuration list for PBXProject "interview" */;
			compatibilityVersion = "Xcode 13.0";
			developmentRegion = en;
			hasScannedForEncodings = 0;
			knownRegions = (
				en,
				Base,
			);
			mainGroup = 26DEC87F2713CA3C00F6F3C6;
			productRefGroup = 26DEC8892713CA3C00F6F3C6 /* Products */;
			projectDirPath = "";
			projectRoot = "";
			targets = (
				26DEC8872713CA3C00F6F3C6 /* interview */,
			);
		};
/* End PBXProject section */

/* Begin PBXSourcesBuildPhase section */
		26DEC8842713CA3C00F6F3C6 /* Sources */ = {
			isa = PBXSourcesBuildPhase;
			buildActionMask = 2147483647;
			files = (
				26DEC89727140AFE00F6F3C6 /* util.swift in Sources */,
				26B3F94E2718357600113A58 /* reverseParentheses.swift in Sources */,
				26DEC89D27140E9A00F6F3C6 /* diameterOfBinaryTree_xxx.swift in Sources */,
				26DEC8942713E55500F6F3C6 /* one.swift in Sources */,
				26DEC8A02714258D00F6F3C6 /* ZigZag.swift in Sources */,
				26507E302726582800CA569F /* BSTIterator.swift in Sources */,
				26507E2E2726540B00CA569F /* MinStack.swift in Sources */,
				266EF47527278E86008B6DA9 /* invertTree.swift in Sources */,
				26DEC89A27140E1600F6F3C6 /* diameterOfBinaryTree.swift in Sources */,
				26DEC8A2271433E700F6F3C6 /* string.swift in Sources */,
				26507E2C27264FC100CA569F /* maxArea.swift in Sources */,
				26DEC88C2713CA3C00F6F3C6 /* main.swift in Sources */,
			);
			runOnlyForDeploymentPostprocessing = 0;
		};
/* End PBXSourcesBuildPhase section */

/* Begin XCBuildConfiguration section */
		26DEC88D2713CA3C00F6F3C6 /* Debug */ = {
			isa = XCBuildConfiguration;
			buildSettings = {
				ALWAYS_SEARCH_USER_PATHS = NO;
				CLANG_ANALYZER_NONNULL = YES;
				CLANG_ANALYZER_NUMBER_OBJECT_CONVERSION = YES_AGGRESSIVE;
				CLANG_CXX_LANGUAGE_STANDARD = "gnu++17";
				CLANG_CXX_LIBRARY = "libc++";
				CLANG_ENABLE_MODULES = YES;
				CLANG_ENABLE_OBJC_ARC = YES;
				CLANG_ENABLE_OBJC_WEAK = YES;
				CLANG_WARN_BLOCK_CAPTURE_AUTORELEASING = YES;
				CLANG_WARN_BOOL_CONVERSION = YES;
				CLANG_WARN_COMMA = YES;
				CLANG_WARN_CONSTANT_CONVERSION = YES;
				CLANG_WARN_DEPRECATED_OBJC_IMPLEMENTATIONS = YES;
				CLANG_WARN_DIRECT_OBJC_ISA_USAGE = YES_ERROR;
				CLANG_WARN_DOCUMENTATION_COMMENTS = YES;
				CLANG_WARN_EMPTY_BODY = YES;
				CLANG_WARN_ENUM_CONVERSION = YES;
				CLANG_WARN_INFINITE_RECURSION = YES;
				CLANG_WARN_INT_CONVERSION = YES;
				CLANG_WARN_NON_LITERAL_NULL_CONVERSION = YES;
				CLANG_WARN_OBJC_IMPLICIT_RETAIN_SELF = YES;
				CLANG_WARN_OBJC_LITERAL_CONVERSION = YES;
				CLANG_WARN_OBJC_ROOT_CLASS = YES_ERROR;
				CLANG_WARN_QUOTED_INCLUDE_IN_FRAMEWORK_HEADER = YES;
				CLANG_WARN_RANGE_LOOP_ANALYSIS = YES;
				CLANG_WARN_STRICT_PROTOTYPES = YES;
				CLANG_WARN_SUSPICIOUS_MOVE = YES;
				CLANG_WARN_UNGUARDED_AVAILABILITY = YES_AGGRESSIVE;
				CLANG_WARN_UNREACHABLE_CODE = YES;
				CLANG_WARN__DUPLICATE_METHOD_MATCH = YES;
				COPY_PHASE_STRIP = NO;
				DEBUG_INFORMATION_FORMAT = dwarf;
				ENABLE_STRICT_OBJC_MSGSEND = YES;
				ENABLE_TESTABILITY = YES;
				GCC_C_LANGUAGE_STANDARD = gnu11;
				GCC_DYNAMIC_NO_PIC = NO;
				GCC_NO_COMMON_BLOCKS = YES;
				GCC_OPTIMIZATION_LEVEL = 0;
				GCC_PREPROCESSOR_DEFINITIONS = (
					"DEBUG=1",
					"$(inherited)",
				);
				GCC_WARN_64_TO_32_BIT_CONVERSION = YES;
				GCC_WARN_ABOUT_RETURN_TYPE = YES_ERROR;
				GCC_WARN_UNDECLARED_SELECTOR = YES;
				GCC_WARN_UNINITIALIZED_AUTOS = YES_AGGRESSIVE;
				GCC_WARN_UNUSED_FUNCTION = YES;
				GCC_WARN_UNUSED_VARIABLE = YES;
				MACOSX_DEPLOYMENT_TARGET = 11.3;
				MTL_ENABLE_DEBUG_INFO = INCLUDE_SOURCE;
				MTL_FAST_MATH = YES;
				ONLY_ACTIVE_ARCH = YES;
				SDKROOT = macosx;
				SWIFT_ACTIVE_COMPILATION_CONDITIONS = DEBUG;
				SWIFT_OPTIMIZATION_LEVEL = "-Onone";
			};
			name = Debug;
		};
		26DEC88E2713CA3C00F6F3C6 /* Release */ = {
			isa = XCBuildConfiguration;
			buildSettings = {
				ALWAYS_SEARCH_USER_PATHS = NO;
				CLANG_ANALYZER_NONNULL = YES;
				CLANG_ANALYZER_NUMBER_OBJECT_CONVERSION = YES_AGGRESSIVE;
				CLANG_CXX_LANGUAGE_STANDARD = "gnu++17";
				CLANG_CXX_LIBRARY = "libc++";
				CLANG_ENABLE_MODULES = YES;
				CLANG_ENABLE_OBJC_ARC = YES;
				CLANG_ENABLE_OBJC_WEAK = YES;
				CLANG_WARN_BLOCK_CAPTURE_AUTORELEASING = YES;
				CLANG_WARN_BOOL_CONVERSION = YES;
				CLANG_WARN_COMMA = YES;
				CLANG_WARN_CONSTANT_CONVERSION = YES;
				CLANG_WARN_DEPRECATED_OBJC_IMPLEMENTATIONS = YES;
				CLANG_WARN_DIRECT_OBJC_ISA_USAGE = YES_ERROR;
				CLANG_WARN_DOCUMENTATION_COMMENTS = YES;
				CLANG_WARN_EMPTY_BODY = YES;
				CLANG_WARN_ENUM_CONVERSION = YES;
				CLANG_WARN_INFINITE_RECURSION = YES;
				CLANG_WARN_INT_CONVERSION = YES;
				CLANG_WARN_NON_LITERAL_NULL_CONVERSION = YES;
				CLANG_WARN_OBJC_IMPLICIT_RETAIN_SELF = YES;
				CLANG_WARN_OBJC_LITERAL_CONVERSION = YES;
				CLANG_WARN_OBJC_ROOT_CLASS = YES_ERROR;
				CLANG_WARN_QUOTED_INCLUDE_IN_FRAMEWORK_HEADER = YES;
				CLANG_WARN_RANGE_LOOP_ANALYSIS = YES;
				CLANG_WARN_STRICT_PROTOTYPES = YES;
				CLANG_WARN_SUSPICIOUS_MOVE = YES;
				CLANG_WARN_UNGUARDED_AVAILABILITY = YES_AGGRESSIVE;
				CLANG_WARN_UNREACHABLE_CODE = YES;
				CLANG_WARN__DUPLICATE_METHOD_MATCH = YES;
				COPY_PHASE_STRIP = NO;
				DEBUG_INFORMATION_FORMAT = "dwarf-with-dsym";
				ENABLE_NS_ASSERTIONS = NO;
				ENABLE_STRICT_OBJC_MSGSEND = YES;
				GCC_C_LANGUAGE_STANDARD = gnu11;
				GCC_NO_COMMON_BLOCKS = YES;
				GCC_WARN_64_TO_32_BIT_CONVERSION = YES;
				GCC_WARN_ABOUT_RETURN_TYPE = YES_ERROR;
				GCC_WARN_UNDECLARED_SELECTOR = YES;
				GCC_WARN_UNINITIALIZED_AUTOS = YES_AGGRESSIVE;
				GCC_WARN_UNUSED_FUNCTION = YES;
				GCC_WARN_UNUSED_VARIABLE = YES;
				MACOSX_DEPLOYMENT_TARGET = 11.3;
				MTL_ENABLE_DEBUG_INFO = NO;
				MTL_FAST_MATH = YES;
				SDKROOT = macosx;
				SWIFT_COMPILATION_MODE = wholemodule;
				SWIFT_OPTIMIZATION_LEVEL = "-O";
			};
			name = Release;
		};
		26DEC8902713CA3C00F6F3C6 /* Debug */ = {
			isa = XCBuildConfiguration;
			buildSettings = {
				CODE_SIGN_STYLE = Automatic;
				DEVELOPMENT_TEAM = D878P8TW6L;
				ENABLE_HARDENED_RUNTIME = YES;
				PRODUCT_NAME = "$(TARGET_NAME)";
				SWIFT_VERSION = 5.0;
			};
			name = Debug;
		};
		26DEC8912713CA3C00F6F3C6 /* Release */ = {
			isa = XCBuildConfiguration;
			buildSettings = {
				CODE_SIGN_STYLE = Automatic;
				DEVELOPMENT_TEAM = D878P8TW6L;
				ENABLE_HARDENED_RUNTIME = YES;
				PRODUCT_NAME = "$(TARGET_NAME)";
				SWIFT_VERSION = 5.0;
			};
			name = Release;
		};
/* End XCBuildConfiguration section */

/* Begin XCConfigurationList section */
		26DEC8832713CA3C00F6F3C6 /* Build configuration list for PBXProject "interview" */ = {
			isa = XCConfigurationList;
			buildConfigurations = (
				26DEC88D2713CA3C00F6F3C6 /* Debug */,
				26DEC88E2713CA3C00F6F3C6 /* Release */,
			);
			defaultConfigurationIsVisible = 0;
			defaultConfigurationName = Release;
		};
		26DEC88F2713CA3C00F6F3C6 /* Build configuration list for PBXNativeTarget "interview" */ = {
			isa = XCConfigurationList;
			buildConfigurations = (
				26DEC8902713CA3C00F6F3C6 /* Debug */,
				26DEC8912713CA3C00F6F3C6 /* Release */,
			);
			defaultConfigurationIsVisible = 0;
			defaultConfigurationName = Release;
		};
/* End XCConfigurationList section */
	};
	rootObject = 26DEC8802713CA3C00F6F3C6 /* Project object */;
}
